{
  "version": 4,
  "terraform_version": "1.0.4",
  "serial": 23,
  "lineage": "6ac7ffb7-b722-32e8-589b-48bdff6c4d1c",
  "outputs": {},
  "resources": [
    {
      "mode": "managed",
      "type": "google_container_cluster",
      "name": "gke",
      "provider": "provider[\"registry.terraform.io/hashicorp/google\"]",
      "instances": [
        {
          "schema_version": 1,
          "attributes": {
            "addons_config": [
              {
                "cloudrun_config": [],
                "horizontal_pod_autoscaling": [],
                "http_load_balancing": [],
                "network_policy_config": [
                  {
                    "disabled": true
                  }
                ]
              }
            ],
            "authenticator_groups_config": [],
            "cluster_autoscaling": [
              {
                "auto_provisioning_defaults": [],
                "enabled": false,
                "resource_limits": []
              }
            ],
            "cluster_ipv4_cidr": "10.0.0.0/14",
            "database_encryption": [
              {
                "key_name": "",
                "state": "DECRYPTED"
              }
            ],
            "datapath_provider": "",
            "default_max_pods_per_node": null,
            "default_snat_status": [
              {
                "disabled": false
              }
            ],
            "description": "",
            "enable_autopilot": false,
            "enable_binary_authorization": false,
            "enable_intranode_visibility": false,
            "enable_kubernetes_alpha": false,
            "enable_legacy_abac": false,
            "enable_shielded_nodes": false,
            "enable_tpu": false,
            "endpoint": "35.225.133.72",
            "id": "projects/encoded-rider-325715/locations/us-central1/clusters/prediction-app",
            "initial_node_count": 1,
            "instance_group_urls": [],
            "ip_allocation_policy": [],
            "label_fingerprint": "a9dc16a7",
            "location": "us-central1",
            "logging_service": "logging.googleapis.com/kubernetes",
            "maintenance_policy": [],
            "master_auth": [
              {
                "client_certificate": "",
                "client_certificate_config": [
                  {
                    "issue_client_certificate": false
                  }
                ],
                "client_key": "",
                "cluster_ca_certificate": "LS0tLS1CRUdJTiBDRVJUSUZJQ0FURS0tLS0tCk1JSUVMRENDQXBTZ0F3SUJBZ0lRS1BQc2x4OFVWbzh1ejMvMUpteGdvakFOQmdrcWhraUc5dzBCQVFzRkFEQXYKTVMwd0t3WURWUVFERXlSallXUXpNbU5qT0MxaFpXSmhMVFJrTm1FdE9EUXdOUzAwWXpFd1ptWTBZVFZtTUdZdwpJQmNOTWpFeE1EQTBNRFF6TkRNMFdoZ1BNakExTVRBNU1qY3dOVE0wTXpSYU1DOHhMVEFyQmdOVkJBTVRKR05oClpETXlZMk00TFdGbFltRXROR1EyWVMwNE5EQTFMVFJqTVRCbVpqUmhOV1l3WmpDQ0FhSXdEUVlKS29aSWh2Y04KQVFFQkJRQURnZ0dQQURDQ0FZb0NnZ0dCQUpxc0NIN3pjUG9yWHhkUG56U3pvcVo3RXYyWTYrb08wbE5LMHdWMApSWi9nU3NrUlN6eldjYXM4ak1jbUVpVHROaSs1a25ZMG8wUXN0aHFTMWlHMU1TUzJiWDZVWG5xVGl3TzVjNm5OCnhQMUlBVGNwdlFVUzhINGgwOXV2bGRwVVRRUCtvU0NVUGt4WFNEM1VveklBWWZaT05HWlVYd01FUnUrbWtSSy8KQzV1am1RKzZtb1VnQXQ2RGxDYU9ETDN3VndPVGZKeVFtQnl6Y3lPb3RSc3ZYaGZhWGhadTRGTVpuMnVHYUU2YwpwOHczc29qWEhvQlExTHdFS2FIa0xEak04WlVJdEJlcEFoTnFQZUZuUzFHL1JxTWV0MURGQmxDcEFLTjNvTlRFCkVna2ZnZTh3ZzNDMm1WSlFHWGRxUU1NblE5V1lham9BNk5oS3dCejVuT0sxbU04S282SHBrWXBRUHJ0dklCdmYKckw1T3dSNU85cW5UNHpNRWVoVWhxcEFrL2MvQW41cktHY0dxQnBJRnNjaHY3aDliZTU1RE5vaG1HOEh6N0dKTgp6TEdDditnR0NEcWlqKzA1Nmt5aUhOMmh3WlhjbWtBRms2anBKVVBOYzdtOHBOTFF1TW1HRGNHSDZ6YUFCVWdQCmVkSktTU3ZtaWxaYnN5MjBLM1JtZGQ4YVNRSURBUUFCbzBJd1FEQU9CZ05WSFE4QkFmOEVCQU1DQWdRd0R3WUQKVlIwVEFRSC9CQVV3QXdFQi96QWRCZ05WSFE0RUZnUVVqY0orT3dPYldzL1B6Sjloak5ZNUQ2N0JudFF3RFFZSgpLb1pJaHZjTkFRRUxCUUFEZ2dHQkFHM1FXY2RURTZPRUtVN1dzTDYvVmxMNllMUmc5QTFqQS9MYzhza1dmWFVmCmR4ZjNqQzFNMEdCSUpCOERzUHNFWGVyNVMvTXlCanBURlZnc3NSNnBMZVFjK2dtNEZhMHJXeC9leDl4VERtcTkKRDE3em5XbUhaTHBia0hSY0Q5WUFDZWZLY0QrWFgyc3I3VUszeXc5MTRBYWRWUi9ZMHh0QXU0Q0FRdDNYbG52cQpkZjBkY3BaMU5vbE9FSmJwcHVVNlpEZTBHSUd3L2xQZWFBUWcvbWg0YnN1MTRrK2EzRHBnTVZRTi9aTGw4c3RCClcycm9DY1F5RUZrOWx5SE5HRWMwaEQxRnFMa1cwODcySHlwTC9DdDBhb2h6eXE3R1dZdVhNUlNBR1JaQlQ0YUwKMmdqUmwxTGdDM2xBZkRlMnE5aUszQVpEK0tYRDBjTEhpNzZPRVBkN3liWEdvNE9DQTZLbUFVTkc5UE9hMk80dwpJYmhxWHN5Ti9ZQlBNY1FVcjhpUkZXK242dDQ2U3NYdkNxQXRMbi9icnducEdCWllKQlhMZEwxN0JGUkxJcW80CjMwdXNpbCsydUU4RUdFVnYvUEczNERaRzZVQjZHTlY3QTZVQlR1b2pOMXJTVmp0b2t5NnRNT0dsL0dhdjhtUU8KaFM1SkdmeFpRREgxSnA1ZXJySnZDUT09Ci0tLS0tRU5EIENFUlRJRklDQVRFLS0tLS0K",
                "password": "",
                "username": ""
              }
            ],
            "master_authorized_networks_config": [],
            "master_version": "1.20.9-gke.1001",
            "min_master_version": null,
            "monitoring_service": "monitoring.googleapis.com/kubernetes",
            "name": "prediction-app",
            "network": "projects/encoded-rider-325715/global/networks/default",
            "network_policy": [
              {
                "enabled": false,
                "provider": "PROVIDER_UNSPECIFIED"
              }
            ],
            "networking_mode": "ROUTES",
            "node_config": [],
            "node_locations": [
              "us-central1-a",
              "us-central1-b",
              "us-central1-c"
            ],
            "node_pool": [],
            "node_version": "1.20.9-gke.1001",
            "operation": null,
            "pod_security_policy_config": [],
            "private_cluster_config": [],
            "private_ipv6_google_access": "",
            "project": "encoded-rider-325715",
            "release_channel": [
              {
                "channel": "REGULAR"
              }
            ],
            "remove_default_node_pool": true,
            "resource_labels": null,
            "resource_usage_export_config": [],
            "self_link": "https://container.googleapis.com/v1beta1/projects/encoded-rider-325715/locations/us-central1/clusters/prediction-app",
            "services_ipv4_cidr": "10.3.240.0/20",
            "subnetwork": "projects/encoded-rider-325715/regions/us-central1/subnetworks/default",
            "timeouts": null,
            "tpu_ipv4_cidr_block": "",
            "vertical_pod_autoscaling": [],
            "workload_identity_config": []
          },
          "sensitive_attributes": [],
          "private": "eyJlMmJmYjczMC1lY2FhLTExZTYtOGY4OC0zNDM2M2JjN2M0YzAiOnsiY3JlYXRlIjoyNDAwMDAwMDAwMDAwLCJkZWxldGUiOjI0MDAwMDAwMDAwMDAsInJlYWQiOjI0MDAwMDAwMDAwMDAsInVwZGF0ZSI6MzYwMDAwMDAwMDAwMH0sInNjaGVtYV92ZXJzaW9uIjoiMSJ9",
          "dependencies": [
            "google_service_account.default"
          ]
        }
      ]
    },
    {
      "mode": "managed",
      "type": "google_container_node_pool",
      "name": "gke_nodes",
      "provider": "provider[\"registry.terraform.io/hashicorp/google\"]",
      "instances": [
        {
          "schema_version": 1,
          "attributes": {
            "autoscaling": [],
            "cluster": "prediction-app",
            "id": "projects/encoded-rider-325715/locations/us-central1/clusters/prediction-app/nodePools/my-node-pool",
            "initial_node_count": 1,
            "instance_group_urls": [
              "https://www.googleapis.com/compute/v1/projects/encoded-rider-325715/zones/us-central1-c/instanceGroupManagers/gke-prediction-app-my-node-pool-96270543-grp",
              "https://www.googleapis.com/compute/v1/projects/encoded-rider-325715/zones/us-central1-b/instanceGroupManagers/gke-prediction-app-my-node-pool-4dc3c20a-grp",
              "https://www.googleapis.com/compute/v1/projects/encoded-rider-325715/zones/us-central1-a/instanceGroupManagers/gke-prediction-app-my-node-pool-8ad24cd7-grp"
            ],
            "location": "us-central1",
            "management": [
              {
                "auto_repair": true,
                "auto_upgrade": true
              }
            ],
            "max_pods_per_node": null,
            "name": "my-node-pool",
            "name_prefix": "",
            "node_config": [
              {
                "disk_size_gb": 100,
                "disk_type": "pd-standard",
                "guest_accelerator": [],
                "image_type": "COS_CONTAINERD",
                "labels": {},
                "local_ssd_count": 0,
                "machine_type": "e2-medium",
                "metadata": {
                  "disable-legacy-endpoints": "true"
                },
                "min_cpu_platform": "",
                "oauth_scopes": [
                  "https://www.googleapis.com/auth/cloud-platform"
                ],
                "preemptible": true,
                "service_account": "encoded-rider-325715@encoded-rider-325715.iam.gserviceaccount.com",
                "shielded_instance_config": [
                  {
                    "enable_integrity_monitoring": true,
                    "enable_secure_boot": false
                  }
                ],
                "tags": null,
                "taint": [],
                "workload_metadata_config": []
              }
            ],
            "node_count": 1,
            "node_locations": [
              "us-central1-a",
              "us-central1-b",
              "us-central1-c"
            ],
            "operation": null,
            "project": "encoded-rider-325715",
            "timeouts": null,
            "upgrade_settings": [
              {
                "max_surge": 1,
                "max_unavailable": 0
              }
            ],
            "version": "1.20.9-gke.1001"
          },
          "sensitive_attributes": [],
          "private": "eyJlMmJmYjczMC1lY2FhLTExZTYtOGY4OC0zNDM2M2JjN2M0YzAiOnsiY3JlYXRlIjoxODAwMDAwMDAwMDAwLCJkZWxldGUiOjE4MDAwMDAwMDAwMDAsInVwZGF0ZSI6MTgwMDAwMDAwMDAwMH0sInNjaGVtYV92ZXJzaW9uIjoiMSJ9",
          "dependencies": [
            "google_container_cluster.gke",
            "google_service_account.default"
          ]
        }
      ]
    },
    {
      "mode": "managed",
      "type": "google_service_account",
      "name": "default",
      "provider": "provider[\"registry.terraform.io/hashicorp/google\"]",
      "instances": [
        {
          "schema_version": 0,
          "attributes": {
            "account_id": "encoded-rider-325715",
            "description": "",
            "disabled": false,
            "display_name": "",
            "email": "encoded-rider-325715@encoded-rider-325715.iam.gserviceaccount.com",
            "id": "projects/encoded-rider-325715/serviceAccounts/encoded-rider-325715@encoded-rider-325715.iam.gserviceaccount.com",
            "name": "projects/encoded-rider-325715/serviceAccounts/encoded-rider-325715@encoded-rider-325715.iam.gserviceaccount.com",
            "project": "encoded-rider-325715",
            "timeouts": null,
            "unique_id": "117556779948324588877"
          },
          "sensitive_attributes": [],
          "private": "eyJlMmJmYjczMC1lY2FhLTExZTYtOGY4OC0zNDM2M2JjN2M0YzAiOnsiY3JlYXRlIjozMDAwMDAwMDAwMDB9fQ=="
        }
      ]
    },
    {
      "mode": "managed",
      "type": "null_resource",
      "name": "get-credentials",
      "provider": "provider[\"registry.terraform.io/hashicorp/null\"]",
      "instances": [
        {
          "status": "tainted",
          "schema_version": 0,
          "attributes": {
            "id": "187515532755980461",
            "triggers": null
          },
          "sensitive_attributes": [],
          "private": "bnVsbA=="
        }
      ]
    }
  ]
}
