{
  "version": 4,
  "terraform_version": "1.0.4",
  "serial": 29,
  "lineage": "6ac7ffb7-b722-32e8-589b-48bdff6c4d1c",
  "outputs": {},
  "resources": [
    {
      "mode": "managed",
      "type": "google_container_cluster",
      "name": "gke",
      "provider": "provider[\"registry.terraform.io/hashicorp/google\"]",
      "instances": [
        {
          "schema_version": 1,
          "attributes": {
            "addons_config": [
              {
                "cloudrun_config": [],
                "horizontal_pod_autoscaling": [],
                "http_load_balancing": [],
                "network_policy_config": [
                  {
                    "disabled": true
                  }
                ]
              }
            ],
            "authenticator_groups_config": [],
            "cluster_autoscaling": [
              {
                "auto_provisioning_defaults": [],
                "enabled": false,
                "resource_limits": []
              }
            ],
            "cluster_ipv4_cidr": "10.0.0.0/14",
            "database_encryption": [
              {
                "key_name": "",
                "state": "DECRYPTED"
              }
            ],
            "datapath_provider": "",
            "default_max_pods_per_node": null,
            "default_snat_status": [
              {
                "disabled": false
              }
            ],
            "description": "",
            "enable_autopilot": false,
            "enable_binary_authorization": false,
            "enable_intranode_visibility": false,
            "enable_kubernetes_alpha": false,
            "enable_legacy_abac": false,
            "enable_shielded_nodes": false,
            "enable_tpu": false,
            "endpoint": "34.135.237.148",
            "id": "projects/encoded-rider-325715/locations/us-central1/clusters/prediction-app",
            "initial_node_count": 1,
            "instance_group_urls": [],
            "ip_allocation_policy": [],
            "label_fingerprint": "a9dc16a7",
            "location": "us-central1",
            "logging_service": "logging.googleapis.com/kubernetes",
            "maintenance_policy": [],
            "master_auth": [
              {
                "client_certificate": "",
                "client_certificate_config": [
                  {
                    "issue_client_certificate": false
                  }
                ],
                "client_key": "",
                "cluster_ca_certificate": "LS0tLS1CRUdJTiBDRVJUSUZJQ0FURS0tLS0tCk1JSUVMRENDQXBTZ0F3SUJBZ0lRYm4ramFTNnNoSHdUSGIwNmZtMEdoekFOQmdrcWhraUc5dzBCQVFzRkFEQXYKTVMwd0t3WURWUVFERXlSaFpETTFOekpoTnkwME0yWTVMVFEyTVdFdE9HTTBOQzAyT0dNeU5USXlZak0yWXpndwpJQmNOTWpFeE1EQTBNRFEwT1RNMFdoZ1BNakExTVRBNU1qY3dOVFE1TXpSYU1DOHhMVEFyQmdOVkJBTVRKR0ZrCk16VTNNbUUzTFRRelpqa3RORFl4WVMwNFl6UTBMVFk0WXpJMU1qSmlNelpqT0RDQ0FhSXdEUVlKS29aSWh2Y04KQVFFQkJRQURnZ0dQQURDQ0FZb0NnZ0dCQUtSZFh0czVFakc4QnVxbG1aVmk5N2gyeER5UFBDWmJLeGRRb0RScgoxd1FTelBrdGpwamJHV1RaRE9wM1ZWWGV5WDExbWVtcEZVeXcya1pZRzV5cjZjdFVUN20wR1liYkdlYk1zUXkzClFjTjR0cHcrMlNKRXV3KzdYM2xUQXFxalVQQXhjNmRRc1VhcXlnWHg4TCtCQm5Wb1VCMk9iMzZETXRnL2VXdTYKUnVhbkhqK1hUbWlweWNsb3U1UU5qeXdvRGE2SFNYNEpNeCtGelE5MGhKVGxqS2hualRjcVhFWmY3OGE3bUVsVApHK0F3c3NvTTVoMkdTSlk4N0RHaXNXOXVBb1V4Z01xY2RmY3JQUC93SE1qWEpnQW4zOXFZTWlHT2czN1BHQ0x4CmVnUTdxU3M3c1dlYU5CZENCRG9vZDA3bjRZSWJ0MGpPTWFPMVhCR1BGc2hHMGI1SGVBUTJvN3J0Z2xCN0FnL1AKSzZIQXFWWUY3V3NGSndoYmxUWlN3M1cxejlmZnVzQ0tHekIvWVN2ZDQyVERwRHBUM3hZU0p4QjM3K216bERYTgprdDhyWHJTZ2Q1ckZ2amhGNFhId3lHd2d3Wm9GRnpBOXNXQWlVaTBTQUtUODVKSnpYbHZ3WUJyZVh3WWZCSWJyCithL1RUVEVHMEdUMXVDT2JWOFVtNXlUT1ZRSURBUUFCbzBJd1FEQU9CZ05WSFE4QkFmOEVCQU1DQWdRd0R3WUQKVlIwVEFRSC9CQVV3QXdFQi96QWRCZ05WSFE0RUZnUVUrbnp4L2lCOVorQnRJNXFiTjJadXFoL0N1dWt3RFFZSgpLb1pJaHZjTkFRRUxCUUFEZ2dHQkFBMjdDaWIxbC9yUkZNME9tZGZiSXhGamZUdTg4RGxSUko1UVV1R2ZGZFpjCk5iVE9vZ0FDc2F1N25TMWg0QlIzRVFKTEREUGFaWmZmaWdlZkp1elBTWFp4aEkydUJiYXkrU2JKbGIwKzlkdnoKL01DTW9UaXVOc0FoSjVmTUo1SXJRbnRac2ViUGYzUzk2b1h4L2tYNkRqTFAzcGZqcmFiK1M4UjVmOHlPNkJyQgpZYVkrdktrRjNQbG5lYi9OOHR4dHNZMmZxd0VnNFdmRGh2REF3UzkxYnJ6MWpxdXRaL3dVU0w1b0t6eVlNMFNLCmI3ZERuMm5naFFEOCtyYU1zUEE0WC9MSUxtL3h2MG1Ga2EyM01FTjBMOXg5bHlNUUFCMjQyTkhjUzVQVDFxU0wKNHo0Sk5wWk0vRUVvL0d3VnBqeU1aWE9FYUtGQjZVcFFOSk9TS2FOK2hKUlRLSm9FbHEzRUdVeEZoSXZhVHV2bwp0dE01c3FBZldiNnVFWUNnVjg1eDdJYWIrWngwdytvb211bGRpeUpCdk41K01neWFBZEZHSXgwSC85N3lQWmt3Cmk1Q1ltQ3VSak5QcWk2YXJ0RUZwdHB3UkV1VHhYaEZSRFVkNGJnYkFwQ0dFSEJaZ1doN0dCUFpUcTZlb2RCLzIKb1BwK1ZrUDJlSEVkdXZ3QUtJRGp1dz09Ci0tLS0tRU5EIENFUlRJRklDQVRFLS0tLS0K",
                "password": "",
                "username": ""
              }
            ],
            "master_authorized_networks_config": [],
            "master_version": "1.20.9-gke.1001",
            "min_master_version": null,
            "monitoring_service": "monitoring.googleapis.com/kubernetes",
            "name": "prediction-app",
            "network": "projects/encoded-rider-325715/global/networks/default",
            "network_policy": [
              {
                "enabled": false,
                "provider": "PROVIDER_UNSPECIFIED"
              }
            ],
            "networking_mode": "ROUTES",
            "node_config": [],
            "node_locations": [
              "us-central1-a",
              "us-central1-b",
              "us-central1-f"
            ],
            "node_pool": [],
            "node_version": "1.20.9-gke.1001",
            "operation": null,
            "pod_security_policy_config": [],
            "private_cluster_config": [],
            "private_ipv6_google_access": "",
            "project": "encoded-rider-325715",
            "release_channel": [
              {
                "channel": "REGULAR"
              }
            ],
            "remove_default_node_pool": true,
            "resource_labels": null,
            "resource_usage_export_config": [],
            "self_link": "https://container.googleapis.com/v1beta1/projects/encoded-rider-325715/locations/us-central1/clusters/prediction-app",
            "services_ipv4_cidr": "10.3.240.0/20",
            "subnetwork": "projects/encoded-rider-325715/regions/us-central1/subnetworks/default",
            "timeouts": null,
            "tpu_ipv4_cidr_block": "",
            "vertical_pod_autoscaling": [],
            "workload_identity_config": []
          },
          "sensitive_attributes": [],
          "private": "eyJlMmJmYjczMC1lY2FhLTExZTYtOGY4OC0zNDM2M2JjN2M0YzAiOnsiY3JlYXRlIjoyNDAwMDAwMDAwMDAwLCJkZWxldGUiOjI0MDAwMDAwMDAwMDAsInJlYWQiOjI0MDAwMDAwMDAwMDAsInVwZGF0ZSI6MzYwMDAwMDAwMDAwMH0sInNjaGVtYV92ZXJzaW9uIjoiMSJ9",
          "dependencies": [
            "google_service_account.default"
          ]
        }
      ]
    },
    {
      "mode": "managed",
      "type": "google_container_node_pool",
      "name": "gke_nodes",
      "provider": "provider[\"registry.terraform.io/hashicorp/google\"]",
      "instances": [
        {
          "schema_version": 1,
          "attributes": {
            "autoscaling": [],
            "cluster": "prediction-app",
            "id": "projects/encoded-rider-325715/locations/us-central1/clusters/prediction-app/nodePools/my-node-pool",
            "initial_node_count": 1,
            "instance_group_urls": [
              "https://www.googleapis.com/compute/v1/projects/encoded-rider-325715/zones/us-central1-c/instanceGroupManagers/gke-prediction-app-my-node-pool-96270543-grp",
              "https://www.googleapis.com/compute/v1/projects/encoded-rider-325715/zones/us-central1-b/instanceGroupManagers/gke-prediction-app-my-node-pool-4dc3c20a-grp",
              "https://www.googleapis.com/compute/v1/projects/encoded-rider-325715/zones/us-central1-a/instanceGroupManagers/gke-prediction-app-my-node-pool-8ad24cd7-grp"
            ],
            "location": "us-central1",
            "management": [
              {
                "auto_repair": true,
                "auto_upgrade": true
              }
            ],
            "max_pods_per_node": null,
            "name": "my-node-pool",
            "name_prefix": "",
            "node_config": [
              {
                "disk_size_gb": 100,
                "disk_type": "pd-standard",
                "guest_accelerator": [],
                "image_type": "COS_CONTAINERD",
                "labels": {},
                "local_ssd_count": 0,
                "machine_type": "e2-medium",
                "metadata": {
                  "disable-legacy-endpoints": "true"
                },
                "min_cpu_platform": "",
                "oauth_scopes": [
                  "https://www.googleapis.com/auth/cloud-platform"
                ],
                "preemptible": true,
                "service_account": "encoded-rider-325715@encoded-rider-325715.iam.gserviceaccount.com",
                "shielded_instance_config": [
                  {
                    "enable_integrity_monitoring": true,
                    "enable_secure_boot": false
                  }
                ],
                "tags": [],
                "taint": [],
                "workload_metadata_config": []
              }
            ],
            "node_count": 1,
            "node_locations": [
              "us-central1-a",
              "us-central1-b",
              "us-central1-c"
            ],
            "operation": null,
            "project": "encoded-rider-325715",
            "timeouts": null,
            "upgrade_settings": [
              {
                "max_surge": 1,
                "max_unavailable": 0
              }
            ],
            "version": "1.20.9-gke.1001"
          },
          "sensitive_attributes": [],
          "private": "eyJlMmJmYjczMC1lY2FhLTExZTYtOGY4OC0zNDM2M2JjN2M0YzAiOnsiY3JlYXRlIjoxODAwMDAwMDAwMDAwLCJkZWxldGUiOjE4MDAwMDAwMDAwMDAsInVwZGF0ZSI6MTgwMDAwMDAwMDAwMH0sInNjaGVtYV92ZXJzaW9uIjoiMSJ9",
          "dependencies": [
            "google_container_cluster.gke",
            "google_service_account.default"
          ]
        }
      ]
    },
    {
      "mode": "managed",
      "type": "google_service_account",
      "name": "default",
      "provider": "provider[\"registry.terraform.io/hashicorp/google\"]",
      "instances": [
        {
          "schema_version": 0,
          "attributes": {
            "account_id": "encoded-rider-325715",
            "description": "",
            "disabled": false,
            "display_name": "",
            "email": "encoded-rider-325715@encoded-rider-325715.iam.gserviceaccount.com",
            "id": "projects/encoded-rider-325715/serviceAccounts/encoded-rider-325715@encoded-rider-325715.iam.gserviceaccount.com",
            "name": "projects/encoded-rider-325715/serviceAccounts/encoded-rider-325715@encoded-rider-325715.iam.gserviceaccount.com",
            "project": "encoded-rider-325715",
            "timeouts": null,
            "unique_id": "117556779948324588877"
          },
          "sensitive_attributes": [],
          "private": "eyJlMmJmYjczMC1lY2FhLTExZTYtOGY4OC0zNDM2M2JjN2M0YzAiOnsiY3JlYXRlIjozMDAwMDAwMDAwMDB9fQ=="
        }
      ]
    },
    {
      "mode": "managed",
      "type": "null_resource",
      "name": "get-credentials",
      "provider": "provider[\"registry.terraform.io/hashicorp/null\"]",
      "instances": [
        {
          "status": "tainted",
          "schema_version": 0,
          "attributes": {
            "id": "5565672682162231834",
            "triggers": null
          },
          "sensitive_attributes": [],
          "private": "bnVsbA=="
        }
      ]
    }
  ]
}
